
Microsoft Visual Studio Solution File, Format Version 12.00
# Visual Studio Version 16
VisualStudioVersion = 16.0.32413.511
MinimumVisualStudioVersion = 10.0.40219.1
Project("{FAE04EC0-301F-11D3-BF4B-00C04F79EFBC}") = "ASMXWebDemo", "ASMXWebDemo\ASMXWebDemo.csproj", "{B52C4DA9-70F9-4C94-A891-DA0ABDB64570}"
EndProject
Project("{9A19103F-16F7-4668-BE54-9A1E7A4F7556}") = "ASMXClientDemo", "ASMXClientDemo\ASMXClientDemo.csproj", "{0263ADEC-1A92-4A2F-B5B6-0F0E617F805C}"
EndProject
Global
	GlobalSection(SolutionConfigurationPlatforms) = preSolution
		Debug|Any CPU = Debug|Any CPU
		Release|Any CPU = Release|Any CPU
	EndGlobalSection
	GlobalSection(ProjectConfigurationPlatforms) = postSolution
		{B52C4DA9-70F9-4C94-A891-DA0ABDB64570}.Debug|Any CPU.ActiveCfg = Debug|Any CPU
		{B52C4DA9-70F9-4C94-A891-DA0ABDB64570}.Debug|Any CPU.Build.0 = Debug|Any CPU
		{B52C4DA9-70F9-4C94-A891-DA0ABDB64570}.Release|Any CPU.ActiveCfg = Release|Any CPU
		{B52C4DA9-70F9-4C94-A891-DA0ABDB64570}.Release|Any CPU.Build.0 = Release|Any CPU
		{0263ADEC-1A92-4A2F-B5B6-0F0E617F805C}.Debug|Any CPU.ActiveCfg = Debug|Any CPU
		{0263ADEC-1A92-4A2F-B5B6-0F0E617F805C}.Debug|Any CPU.Build.0 = Debug|Any CPU
		{0263ADEC-1A92-4A2F-B5B6-0F0E617F805C}.Release|Any CPU.ActiveCfg = Release|Any CPU
		{0263ADEC-1A92-4A2F-B5B6-0F0E617F805C}.Release|Any CPU.Build.0 = Release|Any CPU
	EndGlobalSection
	GlobalSection(SolutionProperties) = preSolution
		HideSolutionNode = FALSE
	EndGlobalSection
	GlobalSection(ExtensibilityGlobals) = postSolution
		SolutionGuid = {68219332-03A7-415C-8164-290CE7E01C45}
	EndGlobalSection
	GlobalSection(TeamFoundationVersionControl) = preSolution
		SccNumberOfProjects = 3
		SccEnterpriseProvider = {4CA58AB2-18FA-4F8D-95D4-32DDF27D184C}
		SccTeamFoundationServer = https://nimccoll.visualstudio.com/
		SccLocalPath0 = .
		SccProjectUniqueName1 = ASMXClientDemo\\ASMXClientDemo.csproj
		SccProjectName1 = ASMXClientDemo
		SccLocalPath1 = ASMXClientDemo
		SccProjectUniqueName2 = ASMXWebDemo\\ASMXWebDemo.csproj
		SccProjectName2 = ASMXWebDemo
		SccLocalPath2 = ASMXWebDemo
	EndGlobalSection
EndGlobal
